
Microsoft Visual Studio Solution File, Format Version 12.00
# Visual Studio 15
VisualStudioVersion = 15.0.26430.13
MinimumVisualStudioVersion = 10.0.40219.1
Project("{FAE04EC0-301F-11D3-BF4B-00C04F79EFBC}") = "ReventoApp.Android", "ReventoApp\ReventoApp.Android\ReventoApp.Android.csproj", "{BE282D17-3748-4EB3-A554-01A2091EE016}"
EndProject
Project("{FAE04EC0-301F-11D3-BF4B-00C04F79EFBC}") = "ReventoApp.UWP", "ReventoApp\ReventoApp.UWP\ReventoApp.UWP.csproj", "{B606957E-EB3E-4D9F-AB40-77F9A5131123}"
EndProject
Project("{D954291E-2A0B-460D-934E-DC6B0785DB48}") = "ReventoApp", "ReventoApp\ReventoApp\ReventoApp.shproj", "{D00A6E62-94A9-4A57-8802-9464E269E55F}"
EndProject
Global
	GlobalSection(SharedMSBuildProjectFiles) = preSolution
		ReventoApp\ReventoApp\ReventoApp.projitems*{b606957e-eb3e-4d9f-ab40-77f9a5131123}*SharedItemsImports = 4
		ReventoApp\ReventoApp\ReventoApp.projitems*{be282d17-3748-4eb3-a554-01a2091ee016}*SharedItemsImports = 4
		ReventoApp\ReventoApp\ReventoApp.projitems*{d00a6e62-94a9-4a57-8802-9464e269e55f}*SharedItemsImports = 13
	EndGlobalSection
	GlobalSection(SolutionConfigurationPlatforms) = preSolution
		Debug|Any CPU = Debug|Any CPU
		Debug|ARM = Debug|ARM
		Debug|iPhone = Debug|iPhone
		Debug|iPhoneSimulator = Debug|iPhoneSimulator
		Debug|x64 = Debug|x64
		Debug|x86 = Debug|x86
		Release|Any CPU = Release|Any CPU
		Release|ARM = Release|ARM
		Release|iPhone = Release|iPhone
		Release|iPhoneSimulator = Release|iPhoneSimulator
		Release|x64 = Release|x64
		Release|x86 = Release|x86
	EndGlobalSection
	GlobalSection(ProjectConfigurationPlatforms) = postSolution
		{BE282D17-3748-4EB3-A554-01A2091EE016}.Debug|Any CPU.ActiveCfg = Debug|Any CPU
		{BE282D17-3748-4EB3-A554-01A2091EE016}.Debug|Any CPU.Build.0 = Debug|Any CPU
		{BE282D17-3748-4EB3-A554-01A2091EE016}.Debug|Any CPU.Deploy.0 = Debug|Any CPU
		{BE282D17-3748-4EB3-A554-01A2091EE016}.Debug|ARM.ActiveCfg = Debug|Any CPU
		{BE282D17-3748-4EB3-A554-01A2091EE016}.Debug|ARM.Build.0 = Debug|Any CPU
		{BE282D17-3748-4EB3-A554-01A2091EE016}.Debug|ARM.Deploy.0 = Debug|Any CPU
		{BE282D17-3748-4EB3-A554-01A2091EE016}.Debug|iPhone.ActiveCfg = Debug|Any CPU
		{BE282D17-3748-4EB3-A554-01A2091EE016}.Debug|iPhone.Build.0 = Debug|Any CPU
		{BE282D17-3748-4EB3-A554-01A2091EE016}.Debug|iPhone.Deploy.0 = Debug|Any CPU
		{BE282D17-3748-4EB3-A554-01A2091EE016}.Debug|iPhoneSimulator.ActiveCfg = Debug|Any CPU
		{BE282D17-3748-4EB3-A554-01A2091EE016}.Debug|iPhoneSimulator.Build.0 = Debug|Any CPU
		{BE282D17-3748-4EB3-A554-01A2091EE016}.Debug|iPhoneSimulator.Deploy.0 = Debug|Any CPU
		{BE282D17-3748-4EB3-A554-01A2091EE016}.Debug|x64.ActiveCfg = Debug|Any CPU
		{BE282D17-3748-4EB3-A554-01A2091EE016}.Debug|x64.Build.0 = Debug|Any CPU
		{BE282D17-3748-4EB3-A554-01A2091EE016}.Debug|x64.Deploy.0 = Debug|Any CPU
		{BE282D17-3748-4EB3-A554-01A2091EE016}.Debug|x86.ActiveCfg = Debug|Any CPU
		{BE282D17-3748-4EB3-A554-01A2091EE016}.Debug|x86.Build.0 = Debug|Any CPU
		{BE282D17-3748-4EB3-A554-01A2091EE016}.Debug|x86.Deploy.0 = Debug|Any CPU
		{BE282D17-3748-4EB3-A554-01A2091EE016}.Release|Any CPU.ActiveCfg = Release|Any CPU
		{BE282D17-3748-4EB3-A554-01A2091EE016}.Release|Any CPU.Build.0 = Release|Any CPU
		{BE282D17-3748-4EB3-A554-01A2091EE016}.Release|Any CPU.Deploy.0 = Release|Any CPU
		{BE282D17-3748-4EB3-A554-01A2091EE016}.Release|ARM.ActiveCfg = Release|Any CPU
		{BE282D17-3748-4EB3-A554-01A2091EE016}.Release|ARM.Build.0 = Release|Any CPU
		{BE282D17-3748-4EB3-A554-01A2091EE016}.Release|ARM.Deploy.0 = Release|Any CPU
		{BE282D17-3748-4EB3-A554-01A2091EE016}.Release|iPhone.ActiveCfg = Release|Any CPU
		{BE282D17-3748-4EB3-A554-01A2091EE016}.Release|iPhone.Build.0 = Release|Any CPU
		{BE282D17-3748-4EB3-A554-01A2091EE016}.Release|iPhone.Deploy.0 = Release|Any CPU
		{BE282D17-3748-4EB3-A554-01A2091EE016}.Release|iPhoneSimulator.ActiveCfg = Release|Any CPU
		{BE282D17-3748-4EB3-A554-01A2091EE016}.Release|iPhoneSimulator.Build.0 = Release|Any CPU
		{BE282D17-3748-4EB3-A554-01A2091EE016}.Release|iPhoneSimulator.Deploy.0 = Release|Any CPU
		{BE282D17-3748-4EB3-A554-01A2091EE016}.Release|x64.ActiveCfg = Release|Any CPU
		{BE282D17-3748-4EB3-A554-01A2091EE016}.Release|x64.Build.0 = Release|Any CPU
		{BE282D17-3748-4EB3-A554-01A2091EE016}.Release|x64.Deploy.0 = Release|Any CPU
		{BE282D17-3748-4EB3-A554-01A2091EE016}.Release|x86.ActiveCfg = Release|Any CPU
		{BE282D17-3748-4EB3-A554-01A2091EE016}.Release|x86.Build.0 = Release|Any CPU
		{BE282D17-3748-4EB3-A554-01A2091EE016}.Release|x86.Deploy.0 = Release|Any CPU
		{B606957E-EB3E-4D9F-AB40-77F9A5131123}.Debug|Any CPU.ActiveCfg = Debug|x86
		{B606957E-EB3E-4D9F-AB40-77F9A5131123}.Debug|ARM.ActiveCfg = Debug|ARM
		{B606957E-EB3E-4D9F-AB40-77F9A5131123}.Debug|ARM.Build.0 = Debug|ARM
		{B606957E-EB3E-4D9F-AB40-77F9A5131123}.Debug|ARM.Deploy.0 = Debug|ARM
		{B606957E-EB3E-4D9F-AB40-77F9A5131123}.Debug|iPhone.ActiveCfg = Debug|x86
		{B606957E-EB3E-4D9F-AB40-77F9A5131123}.Debug|iPhoneSimulator.ActiveCfg = Debug|x86
		{B606957E-EB3E-4D9F-AB40-77F9A5131123}.Debug|x64.ActiveCfg = Debug|x64
		{B606957E-EB3E-4D9F-AB40-77F9A5131123}.Debug|x64.Build.0 = Debug|x64
		{B606957E-EB3E-4D9F-AB40-77F9A5131123}.Debug|x64.Deploy.0 = Debug|x64
		{B606957E-EB3E-4D9F-AB40-77F9A5131123}.Debug|x86.ActiveCfg = Debug|x86
		{B606957E-EB3E-4D9F-AB40-77F9A5131123}.Debug|x86.Build.0 = Debug|x86
		{B606957E-EB3E-4D9F-AB40-77F9A5131123}.Debug|x86.Deploy.0 = Debug|x86
		{B606957E-EB3E-4D9F-AB40-77F9A5131123}.Release|Any CPU.ActiveCfg = Release|x86
		{B606957E-EB3E-4D9F-AB40-77F9A5131123}.Release|ARM.ActiveCfg = Release|ARM
		{B606957E-EB3E-4D9F-AB40-77F9A5131123}.Release|ARM.Build.0 = Release|ARM
		{B606957E-EB3E-4D9F-AB40-77F9A5131123}.Release|ARM.Deploy.0 = Release|ARM
		{B606957E-EB3E-4D9F-AB40-77F9A5131123}.Release|iPhone.ActiveCfg = Release|x86
		{B606957E-EB3E-4D9F-AB40-77F9A5131123}.Release|iPhoneSimulator.ActiveCfg = Release|x86
		{B606957E-EB3E-4D9F-AB40-77F9A5131123}.Release|x64.ActiveCfg = Release|x64
		{B606957E-EB3E-4D9F-AB40-77F9A5131123}.Release|x64.Build.0 = Release|x64
		{B606957E-EB3E-4D9F-AB40-77F9A5131123}.Release|x64.Deploy.0 = Release|x64
		{B606957E-EB3E-4D9F-AB40-77F9A5131123}.Release|x86.ActiveCfg = Release|x86
		{B606957E-EB3E-4D9F-AB40-77F9A5131123}.Release|x86.Build.0 = Release|x86
		{B606957E-EB3E-4D9F-AB40-77F9A5131123}.Release|x86.Deploy.0 = Release|x86
	EndGlobalSection
	GlobalSection(SolutionProperties) = preSolution
		HideSolutionNode = FALSE
	EndGlobalSection
EndGlobal
